// !$*UTF8*$!
{
	archiveVersion = 1;
	classes = {
	};
	objectVersion = 50;
	objects = {

/* Begin PBXBuildFile section */
		1722DD7F251280D900300699 /* AppDelegate.swift in Sources */ = {isa = PBXBuildFile; fileRef = 1722DD7E251280D900300699 /* AppDelegate.swift */; };
		1722DD81251280D900300699 /* SceneDelegate.swift in Sources */ = {isa = PBXBuildFile; fileRef = 1722DD80251280D900300699 /* SceneDelegate.swift */; };
		1722DD84251280D900300699 /* riseOfKnowledges.xcdatamodeld in Sources */ = {isa = PBXBuildFile; fileRef = 1722DD82251280D900300699 /* riseOfKnowledges.xcdatamodeld */; };
		1722DD86251280D900300699 /* ContentView.swift in Sources */ = {isa = PBXBuildFile; fileRef = 1722DD85251280D900300699 /* ContentView.swift */; };
		1722DD88251280DA00300699 /* Assets.xcassets in Resources */ = {isa = PBXBuildFile; fileRef = 1722DD87251280DA00300699 /* Assets.xcassets */; };
		1722DD8B251280DA00300699 /* Preview Assets.xcassets in Resources */ = {isa = PBXBuildFile; fileRef = 1722DD8A251280DA00300699 /* Preview Assets.xcassets */; };
		1722DD8E251280DA00300699 /* LaunchScreen.storyboard in Resources */ = {isa = PBXBuildFile; fileRef = 1722DD8C251280DA00300699 /* LaunchScreen.storyboard */; };
		1722DD99251280DA00300699 /* riseOfKnowledgesTests.swift in Sources */ = {isa = PBXBuildFile; fileRef = 1722DD98251280DA00300699 /* riseOfKnowledgesTests.swift */; };
		1722DDA4251280DA00300699 /* riseOfKnowledgesUITests.swift in Sources */ = {isa = PBXBuildFile; fileRef = 1722DDA3251280DA00300699 /* riseOfKnowledgesUITests.swift */; };
		1722DDB72512813100300699 /* QuizzView.swift in Sources */ = {isa = PBXBuildFile; fileRef = 1722DDB62512813100300699 /* QuizzView.swift */; };
		1722DDB92512815C00300699 /* AnswerComponent.swift in Sources */ = {isa = PBXBuildFile; fileRef = 1722DDB82512815C00300699 /* AnswerComponent.swift */; };
		1722DDBB2512817900300699 /* QuestionComponent.swift in Sources */ = {isa = PBXBuildFile; fileRef = 1722DDBA2512817900300699 /* QuestionComponent.swift */; };
/* End PBXBuildFile section */

/* Begin PBXContainerItemProxy section */
		1722DD95251280DA00300699 /* PBXContainerItemProxy */ = {
			isa = PBXContainerItemProxy;
			containerPortal = 1722DD73251280D900300699 /* Project object */;
			proxyType = 1;
			remoteGlobalIDString = 1722DD7A251280D900300699;
			remoteInfo = riseOfKnowledges;
		};
		1722DDA0251280DA00300699 /* PBXContainerItemProxy */ = {
			isa = PBXContainerItemProxy;
			containerPortal = 1722DD73251280D900300699 /* Project object */;
			proxyType = 1;
			remoteGlobalIDString = 1722DD7A251280D900300699;
			remoteInfo = riseOfKnowledges;
		};
/* End PBXContainerItemProxy section */

/* Begin PBXFileReference section */
		1722DD7B251280D900300699 /* riseOfKnowledges.app */ = {isa = PBXFileReference; explicitFileType = wrapper.application; includeInIndex = 0; path = riseOfKnowledges.app; sourceTree = BUILT_PRODUCTS_DIR; };
		1722DD7E251280D900300699 /* AppDelegate.swift */ = {isa = PBXFileReference; lastKnownFileType = sourcecode.swift; path = AppDelegate.swift; sourceTree = "<group>"; };
		1722DD80251280D900300699 /* SceneDelegate.swift */ = {isa = PBXFileReference; lastKnownFileType = sourcecode.swift; path = SceneDelegate.swift; sourceTree = "<group>"; };
		1722DD83251280D900300699 /* riseOfKnowledges.xcdatamodel */ = {isa = PBXFileReference; lastKnownFileType = wrapper.xcdatamodel; path = riseOfKnowledges.xcdatamodel; sourceTree = "<group>"; };
		1722DD85251280D900300699 /* ContentView.swift */ = {isa = PBXFileReference; lastKnownFileType = sourcecode.swift; path = ContentView.swift; sourceTree = "<group>"; };
		1722DD87251280DA00300699 /* Assets.xcassets */ = {isa = PBXFileReference; lastKnownFileType = folder.assetcatalog; path = Assets.xcassets; sourceTree = "<group>"; };
		1722DD8A251280DA00300699 /* Preview Assets.xcassets */ = {isa = PBXFileReference; lastKnownFileType = folder.assetcatalog; path = "Preview Assets.xcassets"; sourceTree = "<group>"; };
		1722DD8D251280DA00300699 /* Base */ = {isa = PBXFileReference; lastKnownFileType = file.storyboard; name = Base; path = Base.lproj/LaunchScreen.storyboard; sourceTree = "<group>"; };
		1722DD8F251280DA00300699 /* Info.plist */ = {isa = PBXFileReference; lastKnownFileType = text.plist.xml; path = Info.plist; sourceTree = "<group>"; };
		1722DD94251280DA00300699 /* riseOfKnowledgesTests.xctest */ = {isa = PBXFileReference; explicitFileType = wrapper.cfbundle; includeInIndex = 0; path = riseOfKnowledgesTests.xctest; sourceTree = BUILT_PRODUCTS_DIR; };
		1722DD98251280DA00300699 /* riseOfKnowledgesTests.swift */ = {isa = PBXFileReference; lastKnownFileType = sourcecode.swift; path = riseOfKnowledgesTests.swift; sourceTree = "<group>"; };
		1722DD9A251280DA00300699 /* Info.plist */ = {isa = PBXFileReference; lastKnownFileType = text.plist.xml; path = Info.plist; sourceTree = "<group>"; };
		1722DD9F251280DA00300699 /* riseOfKnowledgesUITests.xctest */ = {isa = PBXFileReference; explicitFileType = wrapper.cfbundle; includeInIndex = 0; path = riseOfKnowledgesUITests.xctest; sourceTree = BUILT_PRODUCTS_DIR; };
		1722DDA3251280DA00300699 /* riseOfKnowledgesUITests.swift */ = {isa = PBXFileReference; lastKnownFileType = sourcecode.swift; path = riseOfKnowledgesUITests.swift; sourceTree = "<group>"; };
		1722DDA5251280DA00300699 /* Info.plist */ = {isa = PBXFileReference; lastKnownFileType = text.plist.xml; path = Info.plist; sourceTree = "<group>"; };
		1722DDB62512813100300699 /* QuizzView.swift */ = {isa = PBXFileReference; lastKnownFileType = sourcecode.swift; path = QuizzView.swift; sourceTree = "<group>"; };
		1722DDB82512815C00300699 /* AnswerComponent.swift */ = {isa = PBXFileReference; lastKnownFileType = sourcecode.swift; path = AnswerComponent.swift; sourceTree = "<group>"; };
		1722DDBA2512817900300699 /* QuestionComponent.swift */ = {isa = PBXFileReference; lastKnownFileType = sourcecode.swift; path = QuestionComponent.swift; sourceTree = "<group>"; };
/* End PBXFileReference section */

/* Begin PBXFrameworksBuildPhase section */
		1722DD78251280D900300699 /* Frameworks */ = {
			isa = PBXFrameworksBuildPhase;
			buildActionMask = 2147483647;
			files = (
			);
			runOnlyForDeploymentPostprocessing = 0;
		};
		1722DD91251280DA00300699 /* Frameworks */ = {
			isa = PBXFrameworksBuildPhase;
			buildActionMask = 2147483647;
			files = (
			);
			runOnlyForDeploymentPostprocessing = 0;
		};
		1722DD9C251280DA00300699 /* Frameworks */ = {
			isa = PBXFrameworksBuildPhase;
			buildActionMask = 2147483647;
			files = (
			);
			runOnlyForDeploymentPostprocessing = 0;
		};
/* End PBXFrameworksBuildPhase section */

/* Begin PBXGroup section */
		1722DD72251280D900300699 = {
			isa = PBXGroup;
			children = (
				1722DD7D251280D900300699 /* riseOfKnowledges */,
				1722DD97251280DA00300699 /* riseOfKnowledgesTests */,
				1722DDA2251280DA00300699 /* riseOfKnowledgesUITests */,
				1722DD7C251280D900300699 /* Products */,
			);
			sourceTree = "<group>";
		};
		1722DD7C251280D900300699 /* Products */ = {
			isa = PBXGroup;
			children = (
				1722DD7B251280D900300699 /* riseOfKnowledges.app */,
				1722DD94251280DA00300699 /* riseOfKnowledgesTests.xctest */,
				1722DD9F251280DA00300699 /* riseOfKnowledgesUITests.xctest */,
			);
			name = Products;
			sourceTree = "<group>";
		};
		1722DD7D251280D900300699 /* riseOfKnowledges */ = {
			isa = PBXGroup;
			children = (
				1722DDB32512810900300699 /* models */,
				1722DDB22512810200300699 /* views */,
				1722DDB1251280ED00300699 /* components */,
				1722DD7E251280D900300699 /* AppDelegate.swift */,
				1722DD80251280D900300699 /* SceneDelegate.swift */,
				1722DD85251280D900300699 /* ContentView.swift */,
				1722DD87251280DA00300699 /* Assets.xcassets */,
				1722DD8C251280DA00300699 /* LaunchScreen.storyboard */,
				1722DD8F251280DA00300699 /* Info.plist */,
				1722DD82251280D900300699 /* riseOfKnowledges.xcdatamodeld */,
				1722DD89251280DA00300699 /* Preview Content */,
			);
			path = riseOfKnowledges;
			sourceTree = "<group>";
		};
		1722DD89251280DA00300699 /* Preview Content */ = {
			isa = PBXGroup;
			children = (
				1722DD8A251280DA00300699 /* Preview Assets.xcassets */,
			);
			path = "Preview Content";
			sourceTree = "<group>";
		};
		1722DD97251280DA00300699 /* riseOfKnowledgesTests */ = {
			isa = PBXGroup;
			children = (
				1722DD98251280DA00300699 /* riseOfKnowledgesTests.swift */,
				1722DD9A251280DA00300699 /* Info.plist */,
			);
			path = riseOfKnowledgesTests;
			sourceTree = "<group>";
		};
		1722DDA2251280DA00300699 /* riseOfKnowledgesUITests */ = {
			isa = PBXGroup;
			children = (
				1722DDA3251280DA00300699 /* riseOfKnowledgesUITests.swift */,
				1722DDA5251280DA00300699 /* Info.plist */,
			);
			path = riseOfKnowledgesUITests;
			sourceTree = "<group>";
		};
		1722DDB1251280ED00300699 /* components */ = {
			isa = PBXGroup;
			children = (
				1722DDB82512815C00300699 /* AnswerComponent.swift */,
				1722DDBA2512817900300699 /* QuestionComponent.swift */,
			);
			path = components;
			sourceTree = "<group>";
		};
		1722DDB22512810200300699 /* views */ = {
			isa = PBXGroup;
			children = (
				1722DDB62512813100300699 /* QuizzView.swift */,
			);
			path = views;
			sourceTree = "<group>";
		};
		1722DDB32512810900300699 /* models */ = {
			isa = PBXGroup;
			children = (
			);
			path = models;
			sourceTree = "<group>";
		};
/* End PBXGroup section */

/* Begin PBXNativeTarget section */
		1722DD7A251280D900300699 /* riseOfKnowledges */ = {
			isa = PBXNativeTarget;
			buildConfigurationList = 1722DDA8251280DA00300699 /* Build configuration list for PBXNativeTarget "riseOfKnowledges" */;
			buildPhases = (
				1722DD77251280D900300699 /* Sources */,
				1722DD78251280D900300699 /* Frameworks */,
				1722DD79251280D900300699 /* Resources */,
			);
			buildRules = (
			);
			dependencies = (
			);
			name = riseOfKnowledges;
			productName = riseOfKnowledges;
			productReference = 1722DD7B251280D900300699 /* riseOfKnowledges.app */;
			productType = "com.apple.product-type.application";
		};
		1722DD93251280DA00300699 /* riseOfKnowledgesTests */ = {
			isa = PBXNativeTarget;
			buildConfigurationList = 1722DDAB251280DA00300699 /* Build configuration list for PBXNativeTarget "riseOfKnowledgesTests" */;
			buildPhases = (
				1722DD90251280DA00300699 /* Sources */,
				1722DD91251280DA00300699 /* Frameworks */,
				1722DD92251280DA00300699 /* Resources */,
			);
			buildRules = (
			);
			dependencies = (
				1722DD96251280DA00300699 /* PBXTargetDependency */,
			);
			name = riseOfKnowledgesTests;
			productName = riseOfKnowledgesTests;
			productReference = 1722DD94251280DA00300699 /* riseOfKnowledgesTests.xctest */;
			productType = "com.apple.product-type.bundle.unit-test";
		};
		1722DD9E251280DA00300699 /* riseOfKnowledgesUITests */ = {
			isa = PBXNativeTarget;
			buildConfigurationList = 1722DDAE251280DA00300699 /* Build configuration list for PBXNativeTarget "riseOfKnowledgesUITests" */;
			buildPhases = (
				1722DD9B251280DA00300699 /* Sources */,
				1722DD9C251280DA00300699 /* Frameworks */,
				1722DD9D251280DA00300699 /* Resources */,
			);
			buildRules = (
			);
			dependencies = (
				1722DDA1251280DA00300699 /* PBXTargetDependency */,
			);
			name = riseOfKnowledgesUITests;
			productName = riseOfKnowledgesUITests;
			productReference = 1722DD9F251280DA00300699 /* riseOfKnowledgesUITests.xctest */;
			productType = "com.apple.product-type.bundle.ui-testing";
		};
/* End PBXNativeTarget section */

/* Begin PBXProject section */
		1722DD73251280D900300699 /* Project object */ = {
			isa = PBXProject;
			attributes = {
				LastSwiftUpdateCheck = 1170;
				LastUpgradeCheck = 1170;
				ORGANIZATIONNAME = "Florian Beaumont";
				TargetAttributes = {
					1722DD7A251280D900300699 = {
						CreatedOnToolsVersion = 11.7;
					};
					1722DD93251280DA00300699 = {
						CreatedOnToolsVersion = 11.7;
						TestTargetID = 1722DD7A251280D900300699;
					};
					1722DD9E251280DA00300699 = {
						CreatedOnToolsVersion = 11.7;
						TestTargetID = 1722DD7A251280D900300699;
					};
				};
			};
			buildConfigurationList = 1722DD76251280D900300699 /* Build configuration list for PBXProject "riseOfKnowledges" */;
			compatibilityVersion = "Xcode 9.3";
			developmentRegion = en;
			hasScannedForEncodings = 0;
			knownRegions = (
				en,
				Base,
			);
			mainGroup = 1722DD72251280D900300699;
			productRefGroup = 1722DD7C251280D900300699 /* Products */;
			projectDirPath = "";
			projectRoot = "";
			targets = (
				1722DD7A251280D900300699 /* riseOfKnowledges */,
				1722DD93251280DA00300699 /* riseOfKnowledgesTests */,
				1722DD9E251280DA00300699 /* riseOfKnowledgesUITests */,
			);
		};
/* End PBXProject section */

/* Begin PBXResourcesBuildPhase section */
		1722DD79251280D900300699 /* Resources */ = {
			isa = PBXResourcesBuildPhase;
			buildActionMask = 2147483647;
			files = (
				1722DD8E251280DA00300699 /* LaunchScreen.storyboard in Resources */,
				1722DD8B251280DA00300699 /* Preview Assets.xcassets in Resources */,
				1722DD88251280DA00300699 /* Assets.xcassets in Resources */,
			);
			runOnlyForDeploymentPostprocessing = 0;
		};
		1722DD92251280DA00300699 /* Resources */ = {
			isa = PBXResourcesBuildPhase;
			buildActionMask = 2147483647;
			files = (
			);
			runOnlyForDeploymentPostprocessing = 0;
		};
		1722DD9D251280DA00300699 /* Resources */ = {
			isa = PBXResourcesBuildPhase;
			buildActionMask = 2147483647;
			files = (
			);
			runOnlyForDeploymentPostprocessing = 0;
		};
/* End PBXResourcesBuildPhase section */

/* Begin PBXSourcesBuildPhase section */
		1722DD77251280D900300699 /* Sources */ = {
			isa = PBXSourcesBuildPhase;
			buildActionMask = 2147483647;
			files = (
				1722DDB72512813100300699 /* QuizzView.swift in Sources */,
				1722DD7F251280D900300699 /* AppDelegate.swift in Sources */,
				1722DDBB2512817900300699 /* QuestionComponent.swift in Sources */,
				1722DD81251280D900300699 /* SceneDelegate.swift in Sources */,
				1722DDB92512815C00300699 /* AnswerComponent.swift in Sources */,
				1722DD86251280D900300699 /* ContentView.swift in Sources */,
				1722DD84251280D900300699 /* riseOfKnowledges.xcdatamodeld in Sources */,
			);
			runOnlyForDeploymentPostprocessing = 0;
		};
		1722DD90251280DA00300699 /* Sources */ = {
			isa = PBXSourcesBuildPhase;
			buildActionMask = 2147483647;
			files = (
				1722DD99251280DA00300699 /* riseOfKnowledgesTests.swift in Sources */,
			);
			runOnlyForDeploymentPostprocessing = 0;
		};
		1722DD9B251280DA00300699 /* Sources */ = {
			isa = PBXSourcesBuildPhase;
			buildActionMask = 2147483647;
			files = (
				1722DDA4251280DA00300699 /* riseOfKnowledgesUITests.swift in Sources */,
			);
			runOnlyForDeploymentPostprocessing = 0;
		};
/* End PBXSourcesBuildPhase section */

/* Begin PBXTargetDependency section */
		1722DD96251280DA00300699 /* PBXTargetDependency */ = {
			isa = PBXTargetDependency;
			target = 1722DD7A251280D900300699 /* riseOfKnowledges */;
			targetProxy = 1722DD95251280DA00300699 /* PBXContainerItemProxy */;
		};
		1722DDA1251280DA00300699 /* PBXTargetDependency */ = {
			isa = PBXTargetDependency;
			target = 1722DD7A251280D900300699 /* riseOfKnowledges */;
			targetProxy = 1722DDA0251280DA00300699 /* PBXContainerItemProxy */;
		};
/* End PBXTargetDependency section */

/* Begin PBXVariantGroup section */
		1722DD8C251280DA00300699 /* LaunchScreen.storyboard */ = {
			isa = PBXVariantGroup;
			children = (
				1722DD8D251280DA00300699 /* Base */,
			);
			name = LaunchScreen.storyboard;
			sourceTree = "<group>";
		};
/* End PBXVariantGroup section */

/* Begin XCBuildConfiguration section */
		1722DDA6251280DA00300699 /* Debug */ = {
			isa = XCBuildConfiguration;
			buildSettings = {
				ALWAYS_SEARCH_USER_PATHS = NO;
				CLANG_ANALYZER_NONNULL = YES;
				CLANG_ANALYZER_NUMBER_OBJECT_CONVERSION = YES_AGGRESSIVE;
				CLANG_CXX_LANGUAGE_STANDARD = "gnu++14";
				CLANG_CXX_LIBRARY = "libc++";
				CLANG_ENABLE_MODULES = YES;
				CLANG_ENABLE_OBJC_ARC = YES;
				CLANG_ENABLE_OBJC_WEAK = YES;
				CLANG_WARN_BLOCK_CAPTURE_AUTORELEASING = YES;
				CLANG_WARN_BOOL_CONVERSION = YES;
				CLANG_WARN_COMMA = YES;
				CLANG_WARN_CONSTANT_CONVERSION = YES;
				CLANG_WARN_DEPRECATED_OBJC_IMPLEMENTATIONS = YES;
				CLANG_WARN_DIRECT_OBJC_ISA_USAGE = YES_ERROR;
				CLANG_WARN_DOCUMENTATION_COMMENTS = YES;
				CLANG_WARN_EMPTY_BODY = YES;
				CLANG_WARN_ENUM_CONVERSION = YES;
				CLANG_WARN_INFINITE_RECURSION = YES;
				CLANG_WARN_INT_CONVERSION = YES;
				CLANG_WARN_NON_LITERAL_NULL_CONVERSION = YES;
				CLANG_WARN_OBJC_IMPLICIT_RETAIN_SELF = YES;
				CLANG_WARN_OBJC_LITERAL_CONVERSION = YES;
				CLANG_WARN_OBJC_ROOT_CLASS = YES_ERROR;
				CLANG_WARN_RANGE_LOOP_ANALYSIS = YES;
				CLANG_WARN_STRICT_PROTOTYPES = YES;
				CLANG_WARN_SUSPICIOUS_MOVE = YES;
				CLANG_WARN_UNGUARDED_AVAILABILITY = YES_AGGRESSIVE;
				CLANG_WARN_UNREACHABLE_CODE = YES;
				CLANG_WARN__DUPLICATE_METHOD_MATCH = YES;
				COPY_PHASE_STRIP = NO;
				DEBUG_INFORMATION_FORMAT = dwarf;
				ENABLE_STRICT_OBJC_MSGSEND = YES;
				ENABLE_TESTABILITY = YES;
				GCC_C_LANGUAGE_STANDARD = gnu11;
				GCC_DYNAMIC_NO_PIC = NO;
				GCC_NO_COMMON_BLOCKS = YES;
				GCC_OPTIMIZATION_LEVEL = 0;
				GCC_PREPROCESSOR_DEFINITIONS = (
					"DEBUG=1",
					"$(inherited)",
				);
				GCC_WARN_64_TO_32_BIT_CONVERSION = YES;
				GCC_WARN_ABOUT_RETURN_TYPE = YES_ERROR;
				GCC_WARN_UNDECLARED_SELECTOR = YES;
				GCC_WARN_UNINITIALIZED_AUTOS = YES_AGGRESSIVE;
				GCC_WARN_UNUSED_FUNCTION = YES;
				GCC_WARN_UNUSED_VARIABLE = YES;
				IPHONEOS_DEPLOYMENT_TARGET = 13.7;
				MTL_ENABLE_DEBUG_INFO = INCLUDE_SOURCE;
				MTL_FAST_MATH = YES;
				ONLY_ACTIVE_ARCH = YES;
				SDKROOT = iphoneos;
				SWIFT_ACTIVE_COMPILATION_CONDITIONS = DEBUG;
				SWIFT_OPTIMIZATION_LEVEL = "-Onone";
			};
			name = Debug;
		};
		1722DDA7251280DA00300699 /* Release */ = {
			isa = XCBuildConfiguration;
			buildSettings = {
				ALWAYS_SEARCH_USER_PATHS = NO;
				CLANG_ANALYZER_NONNULL = YES;
				CLANG_ANALYZER_NUMBER_OBJECT_CONVERSION = YES_AGGRESSIVE;
				CLANG_CXX_LANGUAGE_STANDARD = "gnu++14";
				CLANG_CXX_LIBRARY = "libc++";
				CLANG_ENABLE_MODULES = YES;
				CLANG_ENABLE_OBJC_ARC = YES;
				CLANG_ENABLE_OBJC_WEAK = YES;
				CLANG_WARN_BLOCK_CAPTURE_AUTORELEASING = YES;
				CLANG_WARN_BOOL_CONVERSION = YES;
				CLANG_WARN_COMMA = YES;
				CLANG_WARN_CONSTANT_CONVERSION = YES;
				CLANG_WARN_DEPRECATED_OBJC_IMPLEMENTATIONS = YES;
				CLANG_WARN_DIRECT_OBJC_ISA_USAGE = YES_ERROR;
				CLANG_WARN_DOCUMENTATION_COMMENTS = YES;
				CLANG_WARN_EMPTY_BODY = YES;
				CLANG_WARN_ENUM_CONVERSION = YES;
				CLANG_WARN_INFINITE_RECURSION = YES;
				CLANG_WARN_INT_CONVERSION = YES;
				CLANG_WARN_NON_LITERAL_NULL_CONVERSION = YES;
				CLANG_WARN_OBJC_IMPLICIT_RETAIN_SELF = YES;
				CLANG_WARN_OBJC_LITERAL_CONVERSION = YES;
				CLANG_WARN_OBJC_ROOT_CLASS = YES_ERROR;
				CLANG_WARN_RANGE_LOOP_ANALYSIS = YES;
				CLANG_WARN_STRICT_PROTOTYPES = YES;
				CLANG_WARN_SUSPICIOUS_MOVE = YES;
				CLANG_WARN_UNGUARDED_AVAILABILITY = YES_AGGRESSIVE;
				CLANG_WARN_UNREACHABLE_CODE = YES;
				CLANG_WARN__DUPLICATE_METHOD_MATCH = YES;
				COPY_PHASE_STRIP = NO;
				DEBUG_INFORMATION_FORMAT = "dwarf-with-dsym";
				ENABLE_NS_ASSERTIONS = NO;
				ENABLE_STRICT_OBJC_MSGSEND = YES;
				GCC_C_LANGUAGE_STANDARD = gnu11;
				GCC_NO_COMMON_BLOCKS = YES;
				GCC_WARN_64_TO_32_BIT_CONVERSION = YES;
				GCC_WARN_ABOUT_RETURN_TYPE = YES_ERROR;
				GCC_WARN_UNDECLARED_SELECTOR = YES;
				GCC_WARN_UNINITIALIZED_AUTOS = YES_AGGRESSIVE;
				GCC_WARN_UNUSED_FUNCTION = YES;
				GCC_WARN_UNUSED_VARIABLE = YES;
				IPHONEOS_DEPLOYMENT_TARGET = 13.7;
				MTL_ENABLE_DEBUG_INFO = NO;
				MTL_FAST_MATH = YES;
				SDKROOT = iphoneos;
				SWIFT_COMPILATION_MODE = wholemodule;
				SWIFT_OPTIMIZATION_LEVEL = "-O";
				VALIDATE_PRODUCT = YES;
			};
			name = Release;
		};
		1722DDA9251280DA00300699 /* Debug */ = {
			isa = XCBuildConfiguration;
			buildSettings = {
				ASSETCATALOG_COMPILER_APPICON_NAME = AppIcon;
				CODE_SIGN_STYLE = Automatic;
				DEVELOPMENT_ASSET_PATHS = "\"riseOfKnowledges/Preview Content\"";
				DEVELOPMENT_TEAM = LG8SVVBJCM;
				ENABLE_PREVIEWS = YES;
				INFOPLIST_FILE = riseOfKnowledges/Info.plist;
				LD_RUNPATH_SEARCH_PATHS = (
					"$(inherited)",
					"@executable_path/Frameworks",
				);
				PRODUCT_BUNDLE_IDENTIFIER = rok.riseOfKnowledges;
				PRODUCT_NAME = "$(TARGET_NAME)";
				SWIFT_VERSION = 5.0;
				TARGETED_DEVICE_FAMILY = "1,2";
			};
			name = Debug;
		};
		1722DDAA251280DA00300699 /* Release */ = {
			isa = XCBuildConfiguration;
			buildSettings = {
				ASSETCATALOG_COMPILER_APPICON_NAME = AppIcon;
				CODE_SIGN_STYLE = Automatic;
				DEVELOPMENT_ASSET_PATHS = "\"riseOfKnowledges/Preview Content\"";
				DEVELOPMENT_TEAM = LG8SVVBJCM;
				ENABLE_PREVIEWS = YES;
				INFOPLIST_FILE = riseOfKnowledges/Info.plist;
				LD_RUNPATH_SEARCH_PATHS = (
					"$(inherited)",
					"@executable_path/Frameworks",
				);
				PRODUCT_BUNDLE_IDENTIFIER = rok.riseOfKnowledges;
				PRODUCT_NAME = "$(TARGET_NAME)";
				SWIFT_VERSION = 5.0;
				TARGETED_DEVICE_FAMILY = "1,2";
			};
			name = Release;
		};
		1722DDAC251280DA00300699 /* Debug */ = {
			isa = XCBuildConfiguration;
			buildSettings = {
				ALWAYS_EMBED_SWIFT_STANDARD_LIBRARIES = YES;
				BUNDLE_LOADER = "$(TEST_HOST)";
				CODE_SIGN_STYLE = Automatic;
				DEVELOPMENT_TEAM = LG8SVVBJCM;
				INFOPLIST_FILE = riseOfKnowledgesTests/Info.plist;
				IPHONEOS_DEPLOYMENT_TARGET = 13.7;
				LD_RUNPATH_SEARCH_PATHS = (
					"$(inherited)",
					"@executable_path/Frameworks",
					"@loader_path/Frameworks",
				);
				PRODUCT_BUNDLE_IDENTIFIER = rok.riseOfKnowledgesTests;
				PRODUCT_NAME = "$(TARGET_NAME)";
				SWIFT_VERSION = 5.0;
				TARGETED_DEVICE_FAMILY = "1,2";
				TEST_HOST = "$(BUILT_PRODUCTS_DIR)/riseOfKnowledges.app/riseOfKnowledges";
			};
			name = Debug;
		};
		1722DDAD251280DA00300699 /* Release */ = {
			isa = XCBuildConfiguration;
			buildSettings = {
				ALWAYS_EMBED_SWIFT_STANDARD_LIBRARIES = YES;
				BUNDLE_LOADER = "$(TEST_HOST)";
				CODE_SIGN_STYLE = Automatic;
				DEVELOPMENT_TEAM = LG8SVVBJCM;
				INFOPLIST_FILE = riseOfKnowledgesTests/Info.plist;
				IPHONEOS_DEPLOYMENT_TARGET = 13.7;
				LD_RUNPATH_SEARCH_PATHS = (
					"$(inherited)",
					"@executable_path/Frameworks",
					"@loader_path/Frameworks",
				);
				PRODUCT_BUNDLE_IDENTIFIER = rok.riseOfKnowledgesTests;
				PRODUCT_NAME = "$(TARGET_NAME)";
				SWIFT_VERSION = 5.0;
				TARGETED_DEVICE_FAMILY = "1,2";
				TEST_HOST = "$(BUILT_PRODUCTS_DIR)/riseOfKnowledges.app/riseOfKnowledges";
			};
			name = Release;
		};
		1722DDAF251280DA00300699 /* Debug */ = {
			isa = XCBuildConfiguration;
			buildSettings = {
				ALWAYS_EMBED_SWIFT_STANDARD_LIBRARIES = YES;
				CODE_SIGN_STYLE = Automatic;
				DEVELOPMENT_TEAM = LG8SVVBJCM;
				INFOPLIST_FILE = riseOfKnowledgesUITests/Info.plist;
				LD_RUNPATH_SEARCH_PATHS = (
					"$(inherited)",
					"@executable_path/Frameworks",
					"@loader_path/Frameworks",
				);
				PRODUCT_BUNDLE_IDENTIFIER = rok.riseOfKnowledgesUITests;
				PRODUCT_NAME = "$(TARGET_NAME)";
				SWIFT_VERSION = 5.0;
				TARGETED_DEVICE_FAMILY = "1,2";
				TEST_TARGET_NAME = riseOfKnowledges;
			};
			name = Debug;
		};
		1722DDB0251280DA00300699 /* Release */ = {
			isa = XCBuildConfiguration;
			buildSettings = {
				ALWAYS_EMBED_SWIFT_STANDARD_LIBRARIES = YES;
				CODE_SIGN_STYLE = Automatic;
				DEVELOPMENT_TEAM = LG8SVVBJCM;
				INFOPLIST_FILE = riseOfKnowledgesUITests/Info.plist;
				LD_RUNPATH_SEARCH_PATHS = (
					"$(inherited)",
					"@executable_path/Frameworks",
					"@loader_path/Frameworks",
				);
				PRODUCT_BUNDLE_IDENTIFIER = rok.riseOfKnowledgesUITests;
				PRODUCT_NAME = "$(TARGET_NAME)";
				SWIFT_VERSION = 5.0;
				TARGETED_DEVICE_FAMILY = "1,2";
				TEST_TARGET_NAME = riseOfKnowledges;
			};
			name = Release;
		};
/* End XCBuildConfiguration section */

/* Begin XCConfigurationList section */
		1722DD76251280D900300699 /* Build configuration list for PBXProject "riseOfKnowledges" */ = {
			isa = XCConfigurationList;
			buildConfigurations = (
				1722DDA6251280DA00300699 /* Debug */,
				1722DDA7251280DA00300699 /* Release */,
			);
			defaultConfigurationIsVisible = 0;
			defaultConfigurationName = Release;
		};
		1722DDA8251280DA00300699 /* Build configuration list for PBXNativeTarget "riseOfKnowledges" */ = {
			isa = XCConfigurationList;
			buildConfigurations = (
				1722DDA9251280DA00300699 /* Debug */,
				1722DDAA251280DA00300699 /* Release */,
			);
			defaultConfigurationIsVisible = 0;
			defaultConfigurationName = Release;
		};
		1722DDAB251280DA00300699 /* Build configuration list for PBXNativeTarget "riseOfKnowledgesTests" */ = {
			isa = XCConfigurationList;
			buildConfigurations = (
				1722DDAC251280DA00300699 /* Debug */,
				1722DDAD251280DA00300699 /* Release */,
			);
			defaultConfigurationIsVisible = 0;
			defaultConfigurationName = Release;
		};
		1722DDAE251280DA00300699 /* Build configuration list for PBXNativeTarget "riseOfKnowledgesUITests" */ = {
			isa = XCConfigurationList;
			buildConfigurations = (
				1722DDAF251280DA00300699 /* Debug */,
				1722DDB0251280DA00300699 /* Release */,
			);
			defaultConfigurationIsVisible = 0;
			defaultConfigurationName = Release;
		};
/* End XCConfigurationList section */

/* Begin XCVersionGroup section */
		1722DD82251280D900300699 /* riseOfKnowledges.xcdatamodeld */ = {
			isa = XCVersionGroup;
			children = (
				1722DD83251280D900300699 /* riseOfKnowledges.xcdatamodel */,
			);
			currentVersion = 1722DD83251280D900300699 /* riseOfKnowledges.xcdatamodel */;
			path = riseOfKnowledges.xcdatamodeld;
			sourceTree = "<group>";
			versionGroupType = wrapper.xcdatamodel;
		};
/* End XCVersionGroup section */
	};
	rootObject = 1722DD73251280D900300699 /* Project object */;
}
